// !$*UTF8*$!
{
	archiveVersion = 1;
	classes = {
	};
	objectVersion = 46;
	objects = {

/* Begin PBXBuildFile section */
		65F619781B4FC27400421ADF /* main.m in Sources */ = {isa = PBXBuildFile; fileRef = 65F619771B4FC27400421ADF /* main.m */; };
		65F6197B1B4FC27400421ADF /* AppDelegate.m in Sources */ = {isa = PBXBuildFile; fileRef = 65F6197A1B4FC27400421ADF /* AppDelegate.m */; };
		65F6197E1B4FC27400421ADF /* KVCMappingTest.xcdatamodeld in Sources */ = {isa = PBXBuildFile; fileRef = 65F6197C1B4FC27400421ADF /* KVCMappingTest.xcdatamodeld */; };
		65F619811B4FC27400421ADF /* ViewController.m in Sources */ = {isa = PBXBuildFile; fileRef = 65F619801B4FC27400421ADF /* ViewController.m */; };
		65F619841B4FC27400421ADF /* Main.storyboard in Resources */ = {isa = PBXBuildFile; fileRef = 65F619821B4FC27400421ADF /* Main.storyboard */; };
		65F619861B4FC27400421ADF /* Images.xcassets in Resources */ = {isa = PBXBuildFile; fileRef = 65F619851B4FC27400421ADF /* Images.xcassets */; };
		65F619891B4FC27400421ADF /* LaunchScreen.xib in Resources */ = {isa = PBXBuildFile; fileRef = 65F619871B4FC27400421ADF /* LaunchScreen.xib */; };
		65F619951B4FC27400421ADF /* KVCMappingTestTests.m in Sources */ = {isa = PBXBuildFile; fileRef = 65F619941B4FC27400421ADF /* KVCMappingTestTests.m */; };
		65F619A21B4FC67900421ADF /* Article.m in Sources */ = {isa = PBXBuildFile; fileRef = 65F619A11B4FC67900421ADF /* Article.m */; };
		65F61A251B4FCC1D00421ADF /* libKVCMapping-ios.a in Frameworks */ = {isa = PBXBuildFile; fileRef = 65F61A201B4FCBCC00421ADF /* libKVCMapping-ios.a */; };
/* End PBXBuildFile section */

/* Begin PBXContainerItemProxy section */
		65F6198F1B4FC27400421ADF /* PBXContainerItemProxy */ = {
			isa = PBXContainerItemProxy;
			containerPortal = 65F6196A1B4FC27400421ADF /* Project object */;
			proxyType = 1;
			remoteGlobalIDString = 65F619711B4FC27400421ADF;
			remoteInfo = KVCMappingTest;
		};
		65F61A1F1B4FCBCC00421ADF /* PBXContainerItemProxy */ = {
			isa = PBXContainerItemProxy;
			containerPortal = 65F61A0E1B4FCBC900421ADF /* KVCMapping.xcodeproj */;
			proxyType = 2;
			remoteGlobalIDString = 37A80DEE150B8CE800B9B6E1;
			remoteInfo = "KVCMapping-ios";
		};
		65F61A211B4FCBCC00421ADF /* PBXContainerItemProxy */ = {
			isa = PBXContainerItemProxy;
			containerPortal = 65F61A0E1B4FCBC900421ADF /* KVCMapping.xcodeproj */;
			proxyType = 2;
			remoteGlobalIDString = 37235E741662BCCB00F33BF1;
			remoteInfo = "KVCMapping-osx";
		};
		65F61A231B4FCBCC00421ADF /* PBXContainerItemProxy */ = {
			isa = PBXContainerItemProxy;
			containerPortal = 65F61A0E1B4FCBC900421ADF /* KVCMapping.xcodeproj */;
			proxyType = 2;
			remoteGlobalIDString = 373EE11D1982CE5100062CD9;
			remoteInfo = KVCMappingTests;
		};
/* End PBXContainerItemProxy section */

/* Begin PBXFileReference section */
		65F619721B4FC27400421ADF /* KVCMappingTest.app */ = {isa = PBXFileReference; explicitFileType = wrapper.application; includeInIndex = 0; path = KVCMappingTest.app; sourceTree = BUILT_PRODUCTS_DIR; };
		65F619761B4FC27400421ADF /* Info.plist */ = {isa = PBXFileReference; lastKnownFileType = text.plist.xml; path = Info.plist; sourceTree = "<group>"; };
		65F619771B4FC27400421ADF /* main.m */ = {isa = PBXFileReference; lastKnownFileType = sourcecode.c.objc; path = main.m; sourceTree = "<group>"; };
		65F619791B4FC27400421ADF /* AppDelegate.h */ = {isa = PBXFileReference; lastKnownFileType = sourcecode.c.h; path = AppDelegate.h; sourceTree = "<group>"; };
		65F6197A1B4FC27400421ADF /* AppDelegate.m */ = {isa = PBXFileReference; lastKnownFileType = sourcecode.c.objc; path = AppDelegate.m; sourceTree = "<group>"; };
		65F6197D1B4FC27400421ADF /* KVCMappingTest.xcdatamodel */ = {isa = PBXFileReference; lastKnownFileType = wrapper.xcdatamodel; path = KVCMappingTest.xcdatamodel; sourceTree = "<group>"; };
		65F6197F1B4FC27400421ADF /* ViewController.h */ = {isa = PBXFileReference; lastKnownFileType = sourcecode.c.h; path = ViewController.h; sourceTree = "<group>"; };
		65F619801B4FC27400421ADF /* ViewController.m */ = {isa = PBXFileReference; lastKnownFileType = sourcecode.c.objc; path = ViewController.m; sourceTree = "<group>"; };
		65F619831B4FC27400421ADF /* Base */ = {isa = PBXFileReference; lastKnownFileType = file.storyboard; name = Base; path = Base.lproj/Main.storyboard; sourceTree = "<group>"; };
		65F619851B4FC27400421ADF /* Images.xcassets */ = {isa = PBXFileReference; lastKnownFileType = folder.assetcatalog; path = Images.xcassets; sourceTree = "<group>"; };
		65F619881B4FC27400421ADF /* Base */ = {isa = PBXFileReference; lastKnownFileType = file.xib; name = Base; path = Base.lproj/LaunchScreen.xib; sourceTree = "<group>"; };
		65F6198E1B4FC27400421ADF /* KVCMappingTestTests.xctest */ = {isa = PBXFileReference; explicitFileType = wrapper.cfbundle; includeInIndex = 0; path = KVCMappingTestTests.xctest; sourceTree = BUILT_PRODUCTS_DIR; };
		65F619931B4FC27400421ADF /* Info.plist */ = {isa = PBXFileReference; lastKnownFileType = text.plist.xml; path = Info.plist; sourceTree = "<group>"; };
		65F619941B4FC27400421ADF /* KVCMappingTestTests.m */ = {isa = PBXFileReference; lastKnownFileType = sourcecode.c.objc; path = KVCMappingTestTests.m; sourceTree = "<group>"; };
		65F619A01B4FC67900421ADF /* Article.h */ = {isa = PBXFileReference; fileEncoding = 4; lastKnownFileType = sourcecode.c.h; path = Article.h; sourceTree = "<group>"; };
		65F619A11B4FC67900421ADF /* Article.m */ = {isa = PBXFileReference; fileEncoding = 4; lastKnownFileType = sourcecode.c.objc; path = Article.m; sourceTree = "<group>"; };
		65F61A0E1B4FCBC900421ADF /* KVCMapping.xcodeproj */ = {isa = PBXFileReference; lastKnownFileType = "wrapper.pb-project"; name = KVCMapping.xcodeproj; path = KVCMappingTest/KVCMapping/KVCMapping.xcodeproj; sourceTree = "<group>"; };
/* End PBXFileReference section */

/* Begin PBXFrameworksBuildPhase section */
		65F6196F1B4FC27400421ADF /* Frameworks */ = {
			isa = PBXFrameworksBuildPhase;
			buildActionMask = 2147483647;
			files = (
				65F61A251B4FCC1D00421ADF /* libKVCMapping-ios.a in Frameworks */,
			);
			runOnlyForDeploymentPostprocessing = 0;
		};
		65F6198B1B4FC27400421ADF /* Frameworks */ = {
			isa = PBXFrameworksBuildPhase;
			buildActionMask = 2147483647;
			files = (
			);
			runOnlyForDeploymentPostprocessing = 0;
		};
/* End PBXFrameworksBuildPhase section */

/* Begin PBXGroup section */
		65F619691B4FC27400421ADF = {
			isa = PBXGroup;
			children = (
				65F619741B4FC27400421ADF /* KVCMappingTest */,
				65F61A0E1B4FCBC900421ADF /* KVCMapping.xcodeproj */,
				65F619911B4FC27400421ADF /* KVCMappingTestTests */,
				65F619731B4FC27400421ADF /* Products */,
			);
			sourceTree = "<group>";
		};
		65F619731B4FC27400421ADF /* Products */ = {
			isa = PBXGroup;
			children = (
				65F619721B4FC27400421ADF /* KVCMappingTest.app */,
				65F6198E1B4FC27400421ADF /* KVCMappingTestTests.xctest */,
			);
			name = Products;
			sourceTree = "<group>";
		};
		65F619741B4FC27400421ADF /* KVCMappingTest */ = {
			isa = PBXGroup;
			children = (
				65F6199F1B4FC66600421ADF /* Model */,
				65F619791B4FC27400421ADF /* AppDelegate.h */,
				65F6197A1B4FC27400421ADF /* AppDelegate.m */,
				65F6197F1B4FC27400421ADF /* ViewController.h */,
				65F619801B4FC27400421ADF /* ViewController.m */,
				65F619821B4FC27400421ADF /* Main.storyboard */,
				65F619851B4FC27400421ADF /* Images.xcassets */,
				65F619871B4FC27400421ADF /* LaunchScreen.xib */,
				65F6197C1B4FC27400421ADF /* KVCMappingTest.xcdatamodeld */,
				65F619751B4FC27400421ADF /* Supporting Files */,
			);
			path = KVCMappingTest;
			sourceTree = "<group>";
		};
		65F619751B4FC27400421ADF /* Supporting Files */ = {
			isa = PBXGroup;
			children = (
				65F619761B4FC27400421ADF /* Info.plist */,
				65F619771B4FC27400421ADF /* main.m */,
			);
			name = "Supporting Files";
			sourceTree = "<group>";
		};
		65F619911B4FC27400421ADF /* KVCMappingTestTests */ = {
			isa = PBXGroup;
			children = (
				65F619941B4FC27400421ADF /* KVCMappingTestTests.m */,
				65F619921B4FC27400421ADF /* Supporting Files */,
			);
			path = KVCMappingTestTests;
			sourceTree = "<group>";
		};
		65F619921B4FC27400421ADF /* Supporting Files */ = {
			isa = PBXGroup;
			children = (
				65F619931B4FC27400421ADF /* Info.plist */,
			);
			name = "Supporting Files";
			sourceTree = "<group>";
		};
		65F6199F1B4FC66600421ADF /* Model */ = {
			isa = PBXGroup;
			children = (
				65F619A01B4FC67900421ADF /* Article.h */,
				65F619A11B4FC67900421ADF /* Article.m */,
			);
			path = Model;
			sourceTree = "<group>";
		};
		65F61A1A1B4FCBCC00421ADF /* Products */ = {
			isa = PBXGroup;
			children = (
				65F61A201B4FCBCC00421ADF /* libKVCMapping-ios.a */,
				65F61A221B4FCBCC00421ADF /* libKVCMapping-osx.a */,
				65F61A241B4FCBCC00421ADF /* KVCMappingTests.xctest */,
			);
			name = Products;
			sourceTree = "<group>";
		};
/* End PBXGroup section */

/* Begin PBXNativeTarget section */
		65F619711B4FC27400421ADF /* KVCMappingTest */ = {
			isa = PBXNativeTarget;
			buildConfigurationList = 65F619981B4FC27400421ADF /* Build configuration list for PBXNativeTarget "KVCMappingTest" */;
			buildPhases = (
				65F6196E1B4FC27400421ADF /* Sources */,
				65F6196F1B4FC27400421ADF /* Frameworks */,
				65F619701B4FC27400421ADF /* Resources */,
			);
			buildRules = (
			);
			dependencies = (
			);
			name = KVCMappingTest;
			productName = KVCMappingTest;
			productReference = 65F619721B4FC27400421ADF /* KVCMappingTest.app */;
			productType = "com.apple.product-type.application";
		};
		65F6198D1B4FC27400421ADF /* KVCMappingTestTests */ = {
			isa = PBXNativeTarget;
			buildConfigurationList = 65F6199B1B4FC27400421ADF /* Build configuration list for PBXNativeTarget "KVCMappingTestTests" */;
			buildPhases = (
				65F6198A1B4FC27400421ADF /* Sources */,
				65F6198B1B4FC27400421ADF /* Frameworks */,
				65F6198C1B4FC27400421ADF /* Resources */,
			);
			buildRules = (
			);
			dependencies = (
				65F619901B4FC27400421ADF /* PBXTargetDependency */,
			);
			name = KVCMappingTestTests;
			productName = KVCMappingTestTests;
			productReference = 65F6198E1B4FC27400421ADF /* KVCMappingTestTests.xctest */;
			productType = "com.apple.product-type.bundle.unit-test";
		};
/* End PBXNativeTarget section */

/* Begin PBXProject section */
		65F6196A1B4FC27400421ADF /* Project object */ = {
			isa = PBXProject;
			attributes = {
				LastUpgradeCheck = 0640;
				ORGANIZATIONNAME = "Romain Rolland";
				TargetAttributes = {
					65F619711B4FC27400421ADF = {
						CreatedOnToolsVersion = 6.4;
					};
					65F6198D1B4FC27400421ADF = {
						CreatedOnToolsVersion = 6.4;
						TestTargetID = 65F619711B4FC27400421ADF;
					};
				};
			};
			buildConfigurationList = 65F6196D1B4FC27400421ADF /* Build configuration list for PBXProject "KVCMappingTest" */;
			compatibilityVersion = "Xcode 3.2";
			developmentRegion = English;
			hasScannedForEncodings = 0;
			knownRegions = (
				en,
				Base,
			);
			mainGroup = 65F619691B4FC27400421ADF;
			productRefGroup = 65F619731B4FC27400421ADF /* Products */;
			projectDirPath = "";
			projectReferences = (
				{
					ProductGroup = 65F61A1A1B4FCBCC00421ADF /* Products */;
					ProjectRef = 65F61A0E1B4FCBC900421ADF /* KVCMapping.xcodeproj */;
				},
			);
			projectRoot = "";
			targets = (
				65F619711B4FC27400421ADF /* KVCMappingTest */,
				65F6198D1B4FC27400421ADF /* KVCMappingTestTests */,
			);
		};
/* End PBXProject section */

/* Begin PBXReferenceProxy section */
		65F61A201B4FCBCC00421ADF /* libKVCMapping-ios.a */ = {
			isa = PBXReferenceProxy;
			fileType = archive.ar;
			path = "libKVCMapping-ios.a";
			remoteRef = 65F61A1F1B4FCBCC00421ADF /* PBXContainerItemProxy */;
			sourceTree = BUILT_PRODUCTS_DIR;
		};
		65F61A221B4FCBCC00421ADF /* libKVCMapping-osx.a */ = {
			isa = PBXReferenceProxy;
			fileType = archive.ar;
			path = "libKVCMapping-osx.a";
			remoteRef = 65F61A211B4FCBCC00421ADF /* PBXContainerItemProxy */;
			sourceTree = BUILT_PRODUCTS_DIR;
		};
		65F61A241B4FCBCC00421ADF /* KVCMappingTests.xctest */ = {
			isa = PBXReferenceProxy;
			fileType = wrapper.cfbundle;
			path = KVCMappingTests.xctest;
			remoteRef = 65F61A231B4FCBCC00421ADF /* PBXContainerItemProxy */;
			sourceTree = BUILT_PRODUCTS_DIR;
		};
/* End PBXReferenceProxy section */

/* Begin PBXResourcesBuildPhase section */
		65F619701B4FC27400421ADF /* Resources */ = {
			isa = PBXResourcesBuildPhase;
			buildActionMask = 2147483647;
			files = (
				65F619841B4FC27400421ADF /* Main.storyboard in Resources */,
				65F619891B4FC27400421ADF /* LaunchScreen.xib in Resources */,
				65F619861B4FC27400421ADF /* Images.xcassets in Resources */,
			);
			runOnlyForDeploymentPostprocessing = 0;
		};
		65F6198C1B4FC27400421ADF /* Resources */ = {
			isa = PBXResourcesBuildPhase;
			buildActionMask = 2147483647;
			files = (
			);
			runOnlyForDeploymentPostprocessing = 0;
		};
/* End PBXResourcesBuildPhase section */

/* Begin PBXSourcesBuildPhase section */
		65F6196E1B4FC27400421ADF /* Sources */ = {
			isa = PBXSourcesBuildPhase;
			buildActionMask = 2147483647;
			files = (
				65F619A21B4FC67900421ADF /* Article.m in Sources */,
				65F6197B1B4FC27400421ADF /* AppDelegate.m in Sources */,
				65F619781B4FC27400421ADF /* main.m in Sources */,
				65F619811B4FC27400421ADF /* ViewController.m in Sources */,
				65F6197E1B4FC27400421ADF /* KVCMappingTest.xcdatamodeld in Sources */,
			);
			runOnlyForDeploymentPostprocessing = 0;
		};
		65F6198A1B4FC27400421ADF /* Sources */ = {
			isa = PBXSourcesBuildPhase;
			buildActionMask = 2147483647;
			files = (
				65F619951B4FC27400421ADF /* KVCMappingTestTests.m in Sources */,
			);
			runOnlyForDeploymentPostprocessing = 0;
		};
/* End PBXSourcesBuildPhase section */

/* Begin PBXTargetDependency section */
		65F619901B4FC27400421ADF /* PBXTargetDependency */ = {
			isa = PBXTargetDependency;
			target = 65F619711B4FC27400421ADF /* KVCMappingTest */;
			targetProxy = 65F6198F1B4FC27400421ADF /* PBXContainerItemProxy */;
		};
/* End PBXTargetDependency section */

/* Begin PBXVariantGroup section */
		65F619821B4FC27400421ADF /* Main.storyboard */ = {
			isa = PBXVariantGroup;
			children = (
				65F619831B4FC27400421ADF /* Base */,
			);
			name = Main.storyboard;
			sourceTree = "<group>";
		};
		65F619871B4FC27400421ADF /* LaunchScreen.xib */ = {
			isa = PBXVariantGroup;
			children = (
				65F619881B4FC27400421ADF /* Base */,
			);
			name = LaunchScreen.xib;
			sourceTree = "<group>";
		};
/* End PBXVariantGroup section */

/* Begin XCBuildConfiguration section */
		65F619961B4FC27400421ADF /* Debug */ = {
			isa = XCBuildConfiguration;
			buildSettings = {
				ALWAYS_SEARCH_USER_PATHS = NO;
				CLANG_CXX_LANGUAGE_STANDARD = "gnu++0x";
				CLANG_CXX_LIBRARY = "libc++";
				CLANG_ENABLE_MODULES = YES;
				CLANG_ENABLE_OBJC_ARC = YES;
				CLANG_WARN_BOOL_CONVERSION = YES;
				CLANG_WARN_CONSTANT_CONVERSION = YES;
				CLANG_WARN_DIRECT_OBJC_ISA_USAGE = YES_ERROR;
				CLANG_WARN_EMPTY_BODY = YES;
				CLANG_WARN_ENUM_CONVERSION = YES;
				CLANG_WARN_INT_CONVERSION = YES;
				CLANG_WARN_OBJC_ROOT_CLASS = YES_ERROR;
				CLANG_WARN_UNREACHABLE_CODE = YES;
				CLANG_WARN__DUPLICATE_METHOD_MATCH = YES;
				"CODE_SIGN_IDENTITY[sdk=iphoneos*]" = "iPhone Developer";
				COPY_PHASE_STRIP = NO;
				DEBUG_INFORMATION_FORMAT = "dwarf-with-dsym";
				ENABLE_STRICT_OBJC_MSGSEND = YES;
				GCC_C_LANGUAGE_STANDARD = gnu99;
				GCC_DYNAMIC_NO_PIC = NO;
				GCC_NO_COMMON_BLOCKS = YES;
				GCC_OPTIMIZATION_LEVEL = 0;
				GCC_PREPROCESSOR_DEFINITIONS = (
					"DEBUG=1",
					"$(inherited)",
				);
				GCC_SYMBOLS_PRIVATE_EXTERN = NO;
				GCC_WARN_64_TO_32_BIT_CONVERSION = YES;
				GCC_WARN_ABOUT_RETURN_TYPE = YES_ERROR;
				GCC_WARN_UNDECLARED_SELECTOR = YES;
				GCC_WARN_UNINITIALIZED_AUTOS = YES_AGGRESSIVE;
				GCC_WARN_UNUSED_FUNCTION = YES;
				GCC_WARN_UNUSED_VARIABLE = YES;
				IPHONEOS_DEPLOYMENT_TARGET = 8.4;
				MTL_ENABLE_DEBUG_INFO = YES;
				ONLY_ACTIVE_ARCH = YES;
				SDKROOT = iphoneos;
				TARGETED_DEVICE_FAMILY = "1,2";
			};
			name = Debug;
		};
		65F619971B4FC27400421ADF /* Release */ = {
			isa = XCBuildConfiguration;
			buildSettings = {
				ALWAYS_SEARCH_USER_PATHS = NO;
				CLANG_CXX_LANGUAGE_STANDARD = "gnu++0x";
				CLANG_CXX_LIBRARY = "libc++";
				CLANG_ENABLE_MODULES = YES;
				CLANG_ENABLE_OBJC_ARC = YES;
				CLANG_WARN_BOOL_CONVERSION = YES;
				CLANG_WARN_CONSTANT_CONVERSION = YES;
				CLANG_WARN_DIRECT_OBJC_ISA_USAGE = YES_ERROR;
				CLANG_WARN_EMPTY_BODY = YES;
				CLANG_WARN_ENUM_CONVERSION = YES;
				CLANG_WARN_INT_CONVERSION = YES;
				CLANG_WARN_OBJC_ROOT_CLASS = YES_ERROR;
				CLANG_WARN_UNREACHABLE_CODE = YES;
				CLANG_WARN__DUPLICATE_METHOD_MATCH = YES;
				"CODE_SIGN_IDENTITY[sdk=iphoneos*]" = "iPhone Developer";
				COPY_PHASE_STRIP = NO;
				DEBUG_INFORMATION_FORMAT = "dwarf-with-dsym";
				ENABLE_NS_ASSERTIONS = NO;
				ENABLE_STRICT_OBJC_MSGSEND = YES;
				GCC_C_LANGUAGE_STANDARD = gnu99;
				GCC_NO_COMMON_BLOCKS = YES;
				GCC_WARN_64_TO_32_BIT_CONVERSION = YES;
				GCC_WARN_ABOUT_RETURN_TYPE = YES_ERROR;
				GCC_WARN_UNDECLARED_SELECTOR = YES;
				GCC_WARN_UNINITIALIZED_AUTOS = YES_AGGRESSIVE;
				GCC_WARN_UNUSED_FUNCTION = YES;
				GCC_WARN_UNUSED_VARIABLE = YES;
				IPHONEOS_DEPLOYMENT_TARGET = 8.4;
				MTL_ENABLE_DEBUG_INFO = NO;
				SDKROOT = iphoneos;
				TARGETED_DEVICE_FAMILY = "1,2";
				VALIDATE_PRODUCT = YES;
			};
			name = Release;
		};
		65F619991B4FC27400421ADF /* Debug */ = {
			isa = XCBuildConfiguration;
			buildSettings = {
				ASSETCATALOG_COMPILER_APPICON_NAME = AppIcon;
				INFOPLIST_FILE = KVCMappingTest/Info.plist;
				LD_RUNPATH_SEARCH_PATHS = "$(inherited) @executable_path/Frameworks";
				PRODUCT_NAME = "$(TARGET_NAME)";
			};
			name = Debug;
		};
		65F6199A1B4FC27400421ADF /* Release */ = {
			isa = XCBuildConfiguration;
			buildSettings = {
				ASSETCATALOG_COMPILER_APPICON_NAME = AppIcon;
				INFOPLIST_FILE = KVCMappingTest/Info.plist;
				LD_RUNPATH_SEARCH_PATHS = "$(inherited) @executable_path/Frameworks";
				PRODUCT_NAME = "$(TARGET_NAME)";
			};
			name = Release;
		};
		65F6199C1B4FC27400421ADF /* Debug */ = {
			isa = XCBuildConfiguration;
			buildSettings = {
				BUNDLE_LOADER = "$(TEST_HOST)";
				FRAMEWORK_SEARCH_PATHS = (
					"$(SDKROOT)/Developer/Library/Frameworks",
					"$(inherited)",
				);
				GCC_PREPROCESSOR_DEFINITIONS = (
					"DEBUG=1",
					"$(inherited)",
				);
				INFOPLIST_FILE = KVCMappingTestTests/Info.plist;
				LD_RUNPATH_SEARCH_PATHS = "$(inherited) @executable_path/Frameworks @loader_path/Frameworks";
				PRODUCT_NAME = "$(TARGET_NAME)";
				TEST_HOST = "$(BUILT_PRODUCTS_DIR)/KVCMappingTest.app/KVCMappingTest";
			};
			name = Debug;
		};
		65F6199D1B4FC27400421ADF /* Release */ = {
			isa = XCBuildConfiguration;
			buildSettings = {
				BUNDLE_LOADER = "$(TEST_HOST)";
				FRAMEWORK_SEARCH_PATHS = (
					"$(SDKROOT)/Developer/Library/Frameworks",
					"$(inherited)",
				);
				INFOPLIST_FILE = KVCMappingTestTests/Info.plist;
				LD_RUNPATH_SEARCH_PATHS = "$(inherited) @executable_path/Frameworks @loader_path/Frameworks";
				PRODUCT_NAME = "$(TARGET_NAME)";
				TEST_HOST = "$(BUILT_PRODUCTS_DIR)/KVCMappingTest.app/KVCMappingTest";
			};
			name = Release;
		};
/* End XCBuildConfiguration section */

/* Begin XCConfigurationList section */
		65F6196D1B4FC27400421ADF /* Build configuration list for PBXProject "KVCMappingTest" */ = {
			isa = XCConfigurationList;
			buildConfigurations = (
				65F619961B4FC27400421ADF /* Debug */,
				65F619971B4FC27400421ADF /* Release */,
			);
			defaultConfigurationIsVisible = 0;
			defaultConfigurationName = Release;
		};
		65F619981B4FC27400421ADF /* Build configuration list for PBXNativeTarget "KVCMappingTest" */ = {
			isa = XCConfigurationList;
			buildConfigurations = (
				65F619991B4FC27400421ADF /* Debug */,
				65F6199A1B4FC27400421ADF /* Release */,
			);
			defaultConfigurationIsVisible = 0;
			defaultConfigurationName = Release;
		};
		65F6199B1B4FC27400421ADF /* Build configuration list for PBXNativeTarget "KVCMappingTestTests" */ = {
			isa = XCConfigurationList;
			buildConfigurations = (
				65F6199C1B4FC27400421ADF /* Debug */,
				65F6199D1B4FC27400421ADF /* Release */,
			);
			defaultConfigurationIsVisible = 0;
			defaultConfigurationName = Release;
		};
/* End XCConfigurationList section */

/* Begin XCVersionGroup section */
		65F6197C1B4FC27400421ADF /* KVCMappingTest.xcdatamodeld */ = {
			isa = XCVersionGroup;
			children = (
				65F6197D1B4FC27400421ADF /* KVCMappingTest.xcdatamodel */,
			);
			currentVersion = 65F6197D1B4FC27400421ADF /* KVCMappingTest.xcdatamodel */;
			path = KVCMappingTest.xcdatamodeld;
			sourceTree = "<group>";
			versionGroupType = wrapper.xcdatamodel;
		};
/* End XCVersionGroup section */
	};
	rootObject = 65F6196A1B4FC27400421ADF /* Project object */;
}
